
Microsoft Visual Studio Solution File, Format Version 12.00
# Visual Studio Version 16
VisualStudioVersion = 16.0.29215.179
MinimumVisualStudioVersion = 10.0.40219.1
Project("{FAE04EC0-301F-11D3-BF4B-00C04F79EFBC}") = "DemoAppMVC", "WebApplication1\DemoAppMVC.csproj", "{BE78AFFC-7E72-4D5C-9A00-A13D0DD0296D}"
EndProject
Global
	GlobalSection(SolutionConfigurationPlatforms) = preSolution
		Debug|Any CPU = Debug|Any CPU
		Release|Any CPU = Release|Any CPU
	EndGlobalSection
	GlobalSection(ProjectConfigurationPlatforms) = postSolution
		{BE78AFFC-7E72-4D5C-9A00-A13D0DD0296D}.Debug|Any CPU.ActiveCfg = Debug|Any CPU
		{BE78AFFC-7E72-4D5C-9A00-A13D0DD0296D}.Debug|Any CPU.Build.0 = Debug|Any CPU
		{BE78AFFC-7E72-4D5C-9A00-A13D0DD0296D}.Release|Any CPU.ActiveCfg = Release|Any CPU
		{BE78AFFC-7E72-4D5C-9A00-A13D0DD0296D}.Release|Any CPU.Build.0 = Release|Any CPU
	EndGlobalSection
	GlobalSection(SolutionProperties) = preSolution
		HideSolutionNode = FALSE
	EndGlobalSection
	GlobalSection(ExtensibilityGlobals) = postSolution
		SolutionGuid = {C440DEC5-AF1B-4086-B497-E878B8F6FA8A}
	EndGlobalSection
EndGlobal
